
Microsoft Visual Studio Solution File, Format Version 12.00
# Visual Studio 11
Project("{FAE04EC0-301F-11D3-BF4B-00C04F79EFBC}") = "AutomateChrome", "AutomateChrome\AutomateChrome.csproj", "{076FAAED-52AC-4522-B474-506F9CF23F94}"
EndProject
Project("{FAE04EC0-301F-11D3-BF4B-00C04F79EFBC}") = "ChromeAutomation", "ChromeAutomation\ChromeAutomation.csproj", "{64C26290-55DF-4C43-9681-43E94D640B9F}"
EndProject
Global
	GlobalSection(SolutionConfigurationPlatforms) = preSolution
		Debug|Any CPU = Debug|Any CPU
		Release|Any CPU = Release|Any CPU
	EndGlobalSection
	GlobalSection(ProjectConfigurationPlatforms) = postSolution
		{076FAAED-52AC-4522-B474-506F9CF23F94}.Debug|Any CPU.ActiveCfg = Debug|Any CPU
		{076FAAED-52AC-4522-B474-506F9CF23F94}.Debug|Any CPU.Build.0 = Debug|Any CPU
		{076FAAED-52AC-4522-B474-506F9CF23F94}.Release|Any CPU.ActiveCfg = Release|Any CPU
		{076FAAED-52AC-4522-B474-506F9CF23F94}.Release|Any CPU.Build.0 = Release|Any CPU
		{64C26290-55DF-4C43-9681-43E94D640B9F}.Debug|Any CPU.ActiveCfg = Debug|Any CPU
		{64C26290-55DF-4C43-9681-43E94D640B9F}.Debug|Any CPU.Build.0 = Debug|Any CPU
		{64C26290-55DF-4C43-9681-43E94D640B9F}.Release|Any CPU.ActiveCfg = Release|Any CPU
		{64C26290-55DF-4C43-9681-43E94D640B9F}.Release|Any CPU.Build.0 = Release|Any CPU
	EndGlobalSection
	GlobalSection(SolutionProperties) = preSolution
		HideSolutionNode = FALSE
	EndGlobalSection
EndGlobal
